<?xml version="1.0" encoding="utf-8"?>
<Project ToolsVersion="4.0" xmlns="http://schemas.microsoft.com/developer/msbuild/2003">
  <ItemGroup>
    <Filter Include="Source Files">
      <UniqueIdentifier>{4FC737F1-C7A5-4376-A066-2A32D752A2FF}</UniqueIdentifier>
      <Extensions>cpp;c;cc;cxx;def;odl;idl;hpj;bat;asm;asmx</Extensions>
    </Filter>
    <Filter Include="Header Files">
      <UniqueIdentifier>{93995380-89BD-4b04-88EB-625FBE52EBFB}</UniqueIdentifier>
      <Extensions>h;hh;hpp;hxx;hm;inl;inc;ipp;xsd</Extensions>
    </Filter>
    <Filter Include="Resource Files">
      <UniqueIdentifier>{67DA6AB6-F800-4c08-8B7A-83BB121AAD01}</UniqueIdentifier>
      <Extensions>rc;ico;cur;bmp;dlg;rc2;rct;bin;rgs;gif;jpg;jpeg;jpe;resx;tiff;tif;png;wav;mfcribbon-ms</Extensions>
    </Filter>
    <Filter Include="Header Files\menus">
      <UniqueIdentifier>{c76130f6-0727-464c-9e02-cdca21fcefb2}</UniqueIdentifier>
    </Filter>
    <Filter Include="Header Files\heros">
      <UniqueIdentifier>{09a79b8c-0840-49a8-9c09-3e77bc57b7fc}</UniqueIdentifier>
    </Filter>
    <Filter Include="Source Files\heros">
      <UniqueIdentifier>{f4fcbba6-e59d-45c9-b493-76f148650b7b}</UniqueIdentifier>
    </Filter>
    <Filter Include="Source Files\menus">
      <UniqueIdentifier>{599ea573-ca8f-4199-87b0-0cbf7fed666c}</UniqueIdentifier>
    </Filter>
    <Filter Include="Header Files\Grid">
      <UniqueIdentifier>{d21b66e2-dee0-45f2-83ae-3efc783a0a19}</UniqueIdentifier>
    </Filter>
    <Filter Include="Source Files\Grid">
      <UniqueIdentifier>{05ad07a6-5225-488f-8165-b706439434ff}</UniqueIdentifier>
    </Filter>
    <Filter Include="Header Files\button">
      <UniqueIdentifier>{41f1691b-7086-4099-b3f6-3024d658b0b0}</UniqueIdentifier>
    </Filter>
    <Filter Include="Source Files\button">
      <UniqueIdentifier>{b80eb3bc-c8fa-45ac-bab8-c85ee470dcd2}</UniqueIdentifier>
    </Filter>
    <Filter Include="Header Files\Player">
      <UniqueIdentifier>{4113a3a6-6592-4bb0-821c-99c246a1dd11}</UniqueIdentifier>
    </Filter>
    <Filter Include="Source Files\Player">
      <UniqueIdentifier>{be627253-fd91-490b-be8b-9be91f82366c}</UniqueIdentifier>
    </Filter>
    <Filter Include="Source Files\Textbox">
      <UniqueIdentifier>{665c6c7f-2f6e-4370-9cce-915324bee3cc}</UniqueIdentifier>
    </Filter>
    <Filter Include="Header Files\Textbox">
      <UniqueIdentifier>{d1ff38c9-512a-4506-bf9e-4807bdbf31aa}</UniqueIdentifier>
    </Filter>
    <Filter Include="Header Files\Heros Card">
      <UniqueIdentifier>{268d4be9-b740-4014-b85b-f68518aa1bab}</UniqueIdentifier>
    </Filter>
    <Filter Include="Source Files\Heros Card">
      <UniqueIdentifier>{68555a64-f97c-4b6d-b80a-793469f2bd09}</UniqueIdentifier>
    </Filter>
  </ItemGroup>
  <ItemGroup>
    <ClCompile Include="ClashOfBasu.cpp">
      <Filter>Source Files</Filter>
    </ClCompile>
    <ClCompile Include="Heros\AlphaMan.cpp">
      <Filter>Source Files\heros</Filter>
    </ClCompile>
    <ClCompile Include="Heros\DrMarry.cpp">
      <Filter>Source Files\heros</Filter>
    </ClCompile>
    <ClCompile Include="Heros\Commander.cpp">
      <Filter>Source Files\heros</Filter>
    </ClCompile>
    <ClCompile Include="Heros\Giant.cpp">
      <Filter>Source Files\heros</Filter>
    </ClCompile>
    <ClCompile Include="Heros\Hero.cpp">
      <Filter>Source Files\heros</Filter>
    </ClCompile>
    <ClCompile Include="Heros\Kratos.cpp">
      <Filter>Source Files\heros</Filter>
    </ClCompile>
    <ClCompile Include="Heros\Leon.cpp">
      <Filter>Source Files\heros</Filter>
    </ClCompile>
    <ClCompile Include="Heros\MrsGhost.cpp">
      <Filter>Source Files\heros</Filter>
    </ClCompile>
    <ClCompile Include="Heros\Professor.cpp">
      <Filter>Source Files\heros</Filter>
    </ClCompile>
    <ClCompile Include="Heros\RickKhonsari.cpp">
      <Filter>Source Files\heros</Filter>
    </ClCompile>
    <ClCompile Include="Heros\ROBI.cpp">
      <Filter>Source Files\heros</Filter>
    </ClCompile>
    <ClCompile Include="Heros\Sniper.cpp">
      <Filter>Source Files\heros</Filter>
    </ClCompile>
    <ClCompile Include="Heros\Sybil.cpp">
      <Filter>Source Files\heros</Filter>
    </ClCompile>
    <ClCompile Include="Menus\MenuManager.cpp">
      <Filter>Source Files\menus</Filter>
    </ClCompile>
    <ClCompile Include="Menus\HeroSelectionMenu.cpp">
      <Filter>Source Files\menus</Filter>
    </ClCompile>
    <ClCompile Include="Menus\Menu.cpp">
      <Filter>Source Files\menus</Filter>
    </ClCompile>
    <ClCompile Include="Grid\Grid.cpp">
      <Filter>Source Files\Grid</Filter>
    </ClCompile>
    <ClCompile Include="Button\Button.cpp">
      <Filter>Source Files\button</Filter>
    </ClCompile>
    <ClCompile Include="Player\Player.cpp">
      <Filter>Source Files\Player</Filter>
    </ClCompile>
    <ClCompile Include="Player\PlayerManager.cpp">
      <Filter>Source Files\Player</Filter>
    </ClCompile>
    <ClCompile Include="Textbox\Textbox.cpp">
      <Filter>Source Files\Textbox</Filter>
    </ClCompile>
    <ClCompile Include="Heros Card\HerosCard.cpp">
      <Filter>Source Files\Heros Card</Filter>
    </ClCompile>
    <ClCompile Include="Heros Card\AlphaMan Card.cpp">
      <Filter>Source Files\Heros Card</Filter>
    </ClCompile>
    <ClCompile Include="Heros Card\Commander Card.cpp">
      <Filter>Source Files\Heros Card</Filter>
    </ClCompile>
    <ClCompile Include="Heros Card\DrMarry Card.cpp">
      <Filter>Source Files\Heros Card</Filter>
    </ClCompile>
    <ClCompile Include="Heros Card\Giant Card.cpp">
      <Filter>Source Files\Heros Card</Filter>
    </ClCompile>
    <ClCompile Include="Heros Card\Leon Card.cpp">
      <Filter>Source Files\Heros Card</Filter>
    </ClCompile>
    <ClCompile Include="Heros Card\Kratos Card.cpp">
      <Filter>Source Files\Heros Card</Filter>
    </ClCompile>
    <ClCompile Include="Heros Card\MrsGhost Card.cpp">
      <Filter>Source Files\Heros Card</Filter>
    </ClCompile>
    <ClCompile Include="Heros Card\Professor Card.cpp">
      <Filter>Source Files\Heros Card</Filter>
    </ClCompile>
    <ClCompile Include="Heros Card\RickKhonsari Card.cpp">
      <Filter>Source Files\Heros Card</Filter>
    </ClCompile>
    <ClCompile Include="Heros Card\ROBI Card.cpp">
      <Filter>Source Files\Heros Card</Filter>
    </ClCompile>
    <ClCompile Include="Heros Card\Sniper Card.cpp">
      <Filter>Source Files\Heros Card</Filter>
    </ClCompile>
    <ClCompile Include="Heros Card\Sybil.cpp">
      <Filter>Source Files\Heros Card</Filter>
    </ClCompile>
    <ClCompile Include="Grid\Tile.cpp">
      <Filter>Source Files\Grid</Filter>
    </ClCompile>
  </ItemGroup>
  <ItemGroup>
    <ClInclude Include="Menus\Menu.h">
      <Filter>Header Files\menus</Filter>
    </ClInclude>
    <ClInclude Include="Menus\MenuManager.h">
      <Filter>Header Files\menus</Filter>
    </ClInclude>
    <ClInclude Include="Heros\AlphaMan.h">
      <Filter>Header Files\heros</Filter>
    </ClInclude>
    <ClInclude Include="Heros\Commander.h">
      <Filter>Header Files\heros</Filter>
    </ClInclude>
    <ClInclude Include="Heros\DrMarry.h">
      <Filter>Header Files\heros</Filter>
    </ClInclude>
    <ClInclude Include="Heros\Giant.h">
      <Filter>Header Files\heros</Filter>
    </ClInclude>
    <ClInclude Include="Heros\Hero.h">
      <Filter>Header Files\heros</Filter>
    </ClInclude>
    <ClInclude Include="Heros\Kratos.h">
      <Filter>Header Files\heros</Filter>
    </ClInclude>
    <ClInclude Include="Heros\Leon.h">
      <Filter>Header Files\heros</Filter>
    </ClInclude>
    <ClInclude Include="Heros\MrsGhost.h">
      <Filter>Header Files\heros</Filter>
    </ClInclude>
    <ClInclude Include="Heros\Professor.h">
      <Filter>Header Files\heros</Filter>
    </ClInclude>
    <ClInclude Include="Heros\RickKhonsari.h">
      <Filter>Header Files\heros</Filter>
    </ClInclude>
    <ClInclude Include="Heros\ROBI.h">
      <Filter>Header Files\heros</Filter>
    </ClInclude>
    <ClInclude Include="Heros\Sniper.h">
      <Filter>Header Files\heros</Filter>
    </ClInclude>
    <ClInclude Include="Heros\Sybil.h">
      <Filter>Header Files\heros</Filter>
    </ClInclude>
    <ClInclude Include="Menus\HeroSelectionMenu.h">
      <Filter>Header Files\menus</Filter>
    </ClInclude>
    <ClInclude Include="generalDef.h">
      <Filter>Header Files</Filter>
    </ClInclude>
    <ClInclude Include="Grid\Grid.h">
      <Filter>Header Files\Grid</Filter>
    </ClInclude>
    <ClInclude Include="Button\Button.h">
      <Filter>Header Files\button</Filter>
    </ClInclude>
    <ClInclude Include="Player\Player.h">
      <Filter>Header Files\Player</Filter>
    </ClInclude>
    <ClInclude Include="Player\PlayerManager.h">
      <Filter>Header Files\Player</Filter>
    </ClInclude>
    <ClInclude Include="Textbox\Textbox.h">
      <Filter>Header Files\Textbox</Filter>
    </ClInclude>
    <ClInclude Include="Heros Card\HerosCard.h">
      <Filter>Header Files\Heros Card</Filter>
    </ClInclude>
    <ClInclude Include="Heros Card\AlphaMan Card.h">
      <Filter>Header Files\Heros Card</Filter>
    </ClInclude>
    <ClInclude Include="Heros Card\Commander Card.h">
      <Filter>Header Files\Heros Card</Filter>
    </ClInclude>
    <ClInclude Include="Heros Card\DrMarry Card.h">
      <Filter>Header Files\Heros Card</Filter>
    </ClInclude>
    <ClInclude Include="Heros Card\Giant Card.h">
      <Filter>Header Files\Heros Card</Filter>
    </ClInclude>
    <ClInclude Include="Heros Card\Leon Card.h">
      <Filter>Header Files\Heros Card</Filter>
    </ClInclude>
    <ClInclude Include="Heros Card\Kratos Card.h">
      <Filter>Header Files\Heros Card</Filter>
    </ClInclude>
    <ClInclude Include="Heros Card\MrsGhost Card.h">
      <Filter>Header Files\Heros Card</Filter>
    </ClInclude>
    <ClInclude Include="Heros Card\Professor Card.h">
      <Filter>Header Files\Heros Card</Filter>
    </ClInclude>
    <ClInclude Include="Heros Card\RickKhonsari Card.h">
      <Filter>Header Files\Heros Card</Filter>
    </ClInclude>
    <ClInclude Include="Heros Card\ROBI Card.h">
      <Filter>Header Files\Heros Card</Filter>
    </ClInclude>
    <ClInclude Include="Heros Card\Sniper Card.h">
      <Filter>Header Files\Heros Card</Filter>
    </ClInclude>
    <ClInclude Include="Heros Card\Sybil Card.h">
      <Filter>Header Files\Heros Card</Filter>
    </ClInclude>
    <ClInclude Include="Grid\Tile.h">
      <Filter>Header Files\Grid</Filter>
    </ClInclude>
  </ItemGroup>
</Project>